{
  "name": "trenchdevs",
  "version": "1.0.0",
  "lockfileVersion": 2,
  "requires": true,
  "packages": {
    "": {
      "name": "trenchdevs",
      "version": "1.0.0",
      "license": "ISC",
      "dependencies": {
        "backend": "^0.0.0"
      }
    },
    "node_modules/backend": {
      "version": "0.0.0",
      "resolved": "https://registry.npmjs.org/backend/-/backend-0.0.0.tgz",
      "integrity": "sha512-Fq2aG5+zmmsKv2Dhm3ijAU5spnKOb5ldJlnnC/Vhk6n8In6zaq9eCPBMRiz2j94P/r84QEaBmtwh9tjaDPiQqg=="
    }
  },
  "dependencies": {
    "backend": {
      "version": "0.0.0",
      "resolved": "https://registry.npmjs.org/backend/-/backend-0.0.0.tgz",
      "integrity": "sha512-Fq2aG5+zmmsKv2Dhm3ijAU5spnKOb5ldJlnnC/Vhk6n8In6zaq9eCPBMRiz2j94P/r84QEaBmtwh9tjaDPiQqg=="
    }
  }
}
